# This file was autogenerated by Stack.
# You should not edit this file by hand.
# For more information, please see the documentation at:
#   https://docs.haskellstack.org/en/stable/lock_files

packages:
- completed:
    hackage: Spock-lucid-0.4.0.1@sha256:fa2c6ae737bad26767820af29c913140a657acbf745e90c9f9d4a184953855dc,1117
    pantry-tree:
      size: 269
      sha256: e0c8e85d0fce0a307ef5c52f9e00beebc3a79f984338ec088e9e6f15a2879209
  original:
    hackage: Spock-lucid-0.4.0.1@sha256:fa2c6ae737bad26767820af29c913140a657acbf745e90c9f9d4a184953855dc,1117
- completed:
    hackage: digestive-functors-0.8.4.0@sha256:eb2ce9e55a8d2f26a9f5c8386e0d764fe1ce47eb0430af84104bf12dab431fa9,3287
    pantry-tree:
      size: 1682
      sha256: 825eb6308f9b5ec6f7527401f37369b3997eb3b012d3ce2a8fdd071067faf84e
  original:
    hackage: digestive-functors-0.8.4.0@sha256:eb2ce9e55a8d2f26a9f5c8386e0d764fe1ce47eb0430af84104bf12dab431fa9,3287
- completed:
    hackage: digestive-functors-aeson-1.1.27@sha256:a389cfeda1f5f376968b14afc631587abb93172e182b63422b8ddb3d8522c621,1584
    pantry-tree:
      size: 346
      sha256: 7a26dd5aad398f01bf3cb11ff887e9e1054eab1b2bd436b9494720f4be69baba
  original:
    hackage: digestive-functors-aeson-1.1.27@sha256:a389cfeda1f5f376968b14afc631587abb93172e182b63422b8ddb3d8522c621,1584
- completed:
    hackage: digestive-functors-scotty-0.2.0.2@sha256:5d7d94c850207910683a4ac60426bf3fb0d62ba2d15cd0bfb758cbee51417580,1171
    pantry-tree:
      size: 238
      sha256: 4a7fd3fe2c0e4a328d2d74508fff31cf8aa3243cdbf08731d6d7475014dc60ef
  original:
    hackage: digestive-functors-scotty-0.2.0.2@sha256:5d7d94c850207910683a4ac60426bf3fb0d62ba2d15cd0bfb758cbee51417580,1171
- completed:
    hackage: scotty-cookie-0.1.0.3@sha256:3ff1df13a5acba8ba170a5ac22b3ac6a2c227791292536ce1ebfc41038f58fc9,1204
    pantry-tree:
      size: 222
      sha256: 8236b9d3e3c01b29c3d7bf7791af8c87e87ea9b2052e9d7bc32038f524242679
  original:
    hackage: scotty-cookie-0.1.0.3@sha256:3ff1df13a5acba8ba170a5ac22b3ac6a2c227791292536ce1ebfc41038f58fc9,1204
- completed:
    hackage: string-random-0.1.2.0@sha256:db4f801dec1ec72cba7d662b9774da60ff54de6d05478e94478d6d730dc5034f,2439
    pantry-tree:
      size: 489
      sha256: 21c7e61fceea98d14b453fc74c947b715ce33fe4c665c65b1f28c6f417d4ab7e
  original:
    hackage: string-random-0.1.2.0@sha256:db4f801dec1ec72cba7d662b9774da60ff54de6d05478e94478d6d730dc5034f,2439
- completed:
    hackage: Spock-0.13.0.0@sha256:163ef2698fed8f5801428d8dbe794fd126415a5ff3304b227750fdc4037497be,3745
    pantry-tree:
      size: 1118
      sha256: 9ddd674e7a88e8495727a1857976ee3e5ef5dfa733e379416eb12a42781d586c
  original:
    hackage: Spock-0.13.0.0@sha256:163ef2698fed8f5801428d8dbe794fd126415a5ff3304b227750fdc4037497be,3745
- completed:
    hackage: Spock-core-0.13.0.0@sha256:06e007f23c47bdda52d2927da54160d73f1b6f51a977f3ca9087275698db8f0a,3400
    pantry-tree:
      size: 1113
      sha256: 86140298020f68bb09d07b26a6a6f1666fc3a02715d7986b09150727247a1a84
  original:
    hackage: Spock-core-0.13.0.0@sha256:06e007f23c47bdda52d2927da54160d73f1b6f51a977f3ca9087275698db8f0a,3400
- completed:
    hackage: reroute-0.5.0.0@sha256:3360747cdc700c9808a38bff48b75926efa443d4af282396082329a218a8d9d3,2446
    pantry-tree:
      size: 660
      sha256: 52afcff0a5dba2fb746be4fa8cfa56cf774272872b61130537fe0e7ad463c0cd
  original:
    hackage: reroute-0.5.0.0@sha256:3360747cdc700c9808a38bff48b75926efa443d4af282396082329a218a8d9d3,2446
- completed:
    hackage: stm-containers-0.2.16@sha256:e98efa8dcf0045ea8a78a04b4e2763cf2d8bc33aad0750e2f30a67f8f4e933b1,8454
    pantry-tree:
      size: 1564
      sha256: 00d9830990f351bda6b5322ec4adab4386d0a36d3f1a997ec378434c2923f376
  original:
    hackage: stm-containers-0.2.16@sha256:e98efa8dcf0045ea8a78a04b4e2763cf2d8bc33aad0750e2f30a67f8f4e933b1,8454
- completed:
    hackage: focus-0.1.5.2@sha256:fc5c76a5be3a9a1c456106d6f389939299c7e05a1a24938b909f043e36a3e37b,1519
    pantry-tree:
      size: 206
      sha256: b8371b82b496602010a3a5b8e33a0e9108a5a3c70d99f842859bae89face740c
  original:
    hackage: focus-0.1.5.2@sha256:fc5c76a5be3a9a1c456106d6f389939299c7e05a1a24938b909f043e36a3e37b,1519
snapshots:
- completed:
    size: 524164
    url: https://raw.githubusercontent.com/commercialhaskell/stackage-snapshots/master/lts/14/22.yaml
    sha256: 7ad8f33179b32d204165a3a662c6269464a47a7e65a30abc38d01b5a38ec42c0
  original: lts-14.22
